
Microsoft Visual Studio Solution File, Format Version 12.00
# Visual Studio Version 17
VisualStudioVersion = 17.3.32819.101
MinimumVisualStudioVersion = 10.0.40219.1
Project("{8BC9CEB8-8B4A-11D0-8D11-00A0C91BC942}") = "Ejercicio 21_ABB - Insertar, Recorrer y Extraer", "Ejercicio 21_ABB - Insertar, Recorrer y Extraer.vcxproj", "{5BBB3664-9859-4846-B02E-7262106B93FD}"
EndProject
Global
	GlobalSection(SolutionConfigurationPlatforms) = preSolution
		Debug|x64 = Debug|x64
		Debug|x86 = Debug|x86
		Release|x64 = Release|x64
		Release|x86 = Release|x86
	EndGlobalSection
	GlobalSection(ProjectConfigurationPlatforms) = postSolution
		{5BBB3664-9859-4846-B02E-7262106B93FD}.Debug|x64.ActiveCfg = Debug|x64
		{5BBB3664-9859-4846-B02E-7262106B93FD}.Debug|x64.Build.0 = Debug|x64
		{5BBB3664-9859-4846-B02E-7262106B93FD}.Debug|x86.ActiveCfg = Debug|Win32
		{5BBB3664-9859-4846-B02E-7262106B93FD}.Debug|x86.Build.0 = Debug|Win32
		{5BBB3664-9859-4846-B02E-7262106B93FD}.Release|x64.ActiveCfg = Release|x64
		{5BBB3664-9859-4846-B02E-7262106B93FD}.Release|x64.Build.0 = Release|x64
		{5BBB3664-9859-4846-B02E-7262106B93FD}.Release|x86.ActiveCfg = Release|Win32
		{5BBB3664-9859-4846-B02E-7262106B93FD}.Release|x86.Build.0 = Release|Win32
	EndGlobalSection
	GlobalSection(SolutionProperties) = preSolution
		HideSolutionNode = FALSE
	EndGlobalSection
	GlobalSection(ExtensibilityGlobals) = postSolution
		SolutionGuid = {CCF678CC-368E-4F4C-8B34-2661D8FEBB00}
	EndGlobalSection
EndGlobal
